
Microsoft Visual Studio Solution File, Format Version 12.00
# Visual Studio 15
Project("{FAE04EC0-301F-11D3-BF4B-00C04F79EFBC}") = "SmartRoadSense.Android", "SmartRoadSense.Android\SmartRoadSense.Android.csproj", "{0AEC344F-5327-4142-B0EA-6C4280070C68}"
EndProject
Project("{FAE04EC0-301F-11D3-BF4B-00C04F79EFBC}") = "SmartRoadSense.iOS", "SmartRoadSense.iOS\SmartRoadSense.iOS.csproj", "{0450A990-397E-4BC0-AE41-0E0462CDF75A}"
EndProject
Project("{FAE04EC0-301F-11D3-BF4B-00C04F79EFBC}") = "SmartRoadSense", "SmartRoadSense\SmartRoadSense.csproj", "{CDE50702-300B-4389-8B51-6FC6F7CE21AF}"
EndProject
Global
	GlobalSection(SolutionConfigurationPlatforms) = preSolution
		Debug|Any CPU = Debug|Any CPU
		Release|Any CPU = Release|Any CPU
		Debug|iPhoneSimulator = Debug|iPhoneSimulator
		Release|iPhoneSimulator = Release|iPhoneSimulator
		Debug|iPhone = Debug|iPhone
		Release|iPhone = Release|iPhone
		Ad-Hoc|iPhone = Ad-Hoc|iPhone
		AppStore|iPhone = AppStore|iPhone
	EndGlobalSection
	GlobalSection(ProjectConfigurationPlatforms) = postSolution
		{0AEC344F-5327-4142-B0EA-6C4280070C68}.Debug|Any CPU.ActiveCfg = Debug|Any CPU
		{0AEC344F-5327-4142-B0EA-6C4280070C68}.Debug|Any CPU.Build.0 = Debug|Any CPU
		{0AEC344F-5327-4142-B0EA-6C4280070C68}.Release|Any CPU.ActiveCfg = Release|Any CPU
		{0AEC344F-5327-4142-B0EA-6C4280070C68}.Release|Any CPU.Build.0 = Release|Any CPU
		{0AEC344F-5327-4142-B0EA-6C4280070C68}.Debug|iPhoneSimulator.ActiveCfg = Debug|Any CPU
		{0AEC344F-5327-4142-B0EA-6C4280070C68}.Debug|iPhoneSimulator.Build.0 = Debug|Any CPU
		{0AEC344F-5327-4142-B0EA-6C4280070C68}.Release|iPhoneSimulator.ActiveCfg = Release|Any CPU
		{0AEC344F-5327-4142-B0EA-6C4280070C68}.Release|iPhoneSimulator.Build.0 = Release|Any CPU
		{0AEC344F-5327-4142-B0EA-6C4280070C68}.Debug|iPhone.ActiveCfg = Debug|Any CPU
		{0AEC344F-5327-4142-B0EA-6C4280070C68}.Debug|iPhone.Build.0 = Debug|Any CPU
		{0AEC344F-5327-4142-B0EA-6C4280070C68}.Release|iPhone.ActiveCfg = Release|Any CPU
		{0AEC344F-5327-4142-B0EA-6C4280070C68}.Release|iPhone.Build.0 = Release|Any CPU
		{0AEC344F-5327-4142-B0EA-6C4280070C68}.Ad-Hoc|iPhone.ActiveCfg = Debug|Any CPU
		{0AEC344F-5327-4142-B0EA-6C4280070C68}.Ad-Hoc|iPhone.Build.0 = Debug|Any CPU
		{0AEC344F-5327-4142-B0EA-6C4280070C68}.AppStore|iPhone.ActiveCfg = Debug|Any CPU
		{0AEC344F-5327-4142-B0EA-6C4280070C68}.AppStore|iPhone.Build.0 = Debug|Any CPU
		{0450A990-397E-4BC0-AE41-0E0462CDF75A}.Debug|Any CPU.ActiveCfg = Debug|iPhoneSimulator
		{0450A990-397E-4BC0-AE41-0E0462CDF75A}.Debug|Any CPU.Build.0 = Debug|iPhoneSimulator
		{0450A990-397E-4BC0-AE41-0E0462CDF75A}.Release|Any CPU.ActiveCfg = Release|iPhoneSimulator
		{0450A990-397E-4BC0-AE41-0E0462CDF75A}.Release|Any CPU.Build.0 = Release|iPhoneSimulator
		{0450A990-397E-4BC0-AE41-0E0462CDF75A}.Debug|iPhoneSimulator.ActiveCfg = Debug|iPhoneSimulator
		{0450A990-397E-4BC0-AE41-0E0462CDF75A}.Debug|iPhoneSimulator.Build.0 = Debug|iPhoneSimulator
		{0450A990-397E-4BC0-AE41-0E0462CDF75A}.Release|iPhoneSimulator.ActiveCfg = Release|iPhoneSimulator
		{0450A990-397E-4BC0-AE41-0E0462CDF75A}.Release|iPhoneSimulator.Build.0 = Release|iPhoneSimulator
		{0450A990-397E-4BC0-AE41-0E0462CDF75A}.Debug|iPhone.ActiveCfg = Debug|iPhone
		{0450A990-397E-4BC0-AE41-0E0462CDF75A}.Debug|iPhone.Build.0 = Debug|iPhone
		{0450A990-397E-4BC0-AE41-0E0462CDF75A}.Release|iPhone.ActiveCfg = Release|iPhone
		{0450A990-397E-4BC0-AE41-0E0462CDF75A}.Release|iPhone.Build.0 = Release|iPhone
		{0450A990-397E-4BC0-AE41-0E0462CDF75A}.Ad-Hoc|iPhone.ActiveCfg = Ad-Hoc|iPhone
		{0450A990-397E-4BC0-AE41-0E0462CDF75A}.Ad-Hoc|iPhone.Build.0 = Ad-Hoc|iPhone
		{0450A990-397E-4BC0-AE41-0E0462CDF75A}.AppStore|iPhone.ActiveCfg = AppStore|iPhone
		{0450A990-397E-4BC0-AE41-0E0462CDF75A}.AppStore|iPhone.Build.0 = AppStore|iPhone
		{CDE50702-300B-4389-8B51-6FC6F7CE21AF}.Debug|Any CPU.ActiveCfg = Debug|Any CPU
		{CDE50702-300B-4389-8B51-6FC6F7CE21AF}.Debug|Any CPU.Build.0 = Debug|Any CPU
		{CDE50702-300B-4389-8B51-6FC6F7CE21AF}.Release|Any CPU.ActiveCfg = Release|Any CPU
		{CDE50702-300B-4389-8B51-6FC6F7CE21AF}.Release|Any CPU.Build.0 = Release|Any CPU
		{CDE50702-300B-4389-8B51-6FC6F7CE21AF}.Debug|iPhoneSimulator.ActiveCfg = Debug|Any CPU
		{CDE50702-300B-4389-8B51-6FC6F7CE21AF}.Debug|iPhoneSimulator.Build.0 = Debug|Any CPU
		{CDE50702-300B-4389-8B51-6FC6F7CE21AF}.Release|iPhoneSimulator.ActiveCfg = Release|Any CPU
		{CDE50702-300B-4389-8B51-6FC6F7CE21AF}.Release|iPhoneSimulator.Build.0 = Release|Any CPU
		{CDE50702-300B-4389-8B51-6FC6F7CE21AF}.Debug|iPhone.ActiveCfg = Debug|Any CPU
		{CDE50702-300B-4389-8B51-6FC6F7CE21AF}.Debug|iPhone.Build.0 = Debug|Any CPU
		{CDE50702-300B-4389-8B51-6FC6F7CE21AF}.Release|iPhone.ActiveCfg = Release|Any CPU
		{CDE50702-300B-4389-8B51-6FC6F7CE21AF}.Release|iPhone.Build.0 = Release|Any CPU
		{CDE50702-300B-4389-8B51-6FC6F7CE21AF}.Ad-Hoc|iPhone.ActiveCfg = Debug|Any CPU
		{CDE50702-300B-4389-8B51-6FC6F7CE21AF}.Ad-Hoc|iPhone.Build.0 = Debug|Any CPU
		{CDE50702-300B-4389-8B51-6FC6F7CE21AF}.AppStore|iPhone.ActiveCfg = Debug|Any CPU
		{CDE50702-300B-4389-8B51-6FC6F7CE21AF}.AppStore|iPhone.Build.0 = Debug|Any CPU
	EndGlobalSection
	GlobalSection(MonoDevelopProperties) = preSolution
		Policies = $0
		$0.DotNetNamingPolicy = $1
	EndGlobalSection
EndGlobal
